// !$*UTF8*$!
{
	archiveVersion = 1;
	classes = {
	};
	objectVersion = 46;
	objects = {

/* Begin PBXBuildFile section */
		2809F0A81733FCFA003A1B8F /* UIKit.framework in Frameworks */ = {isa = PBXBuildFile; fileRef = 2809F0A71733FCFA003A1B8F /* UIKit.framework */; };
		2809F0AA1733FCFA003A1B8F /* Foundation.framework in Frameworks */ = {isa = PBXBuildFile; fileRef = 2809F0A91733FCFA003A1B8F /* Foundation.framework */; };
		2809F0AC1733FCFA003A1B8F /* CoreGraphics.framework in Frameworks */ = {isa = PBXBuildFile; fileRef = 2809F0AB1733FCFA003A1B8F /* CoreGraphics.framework */; };
		2809F0B21733FCFA003A1B8F /* InfoPlist.strings in Resources */ = {isa = PBXBuildFile; fileRef = 2809F0B01733FCFA003A1B8F /* InfoPlist.strings */; };
		2809F0B41733FCFA003A1B8F /* main.m in Sources */ = {isa = PBXBuildFile; fileRef = 2809F0B31733FCFA003A1B8F /* main.m */; };
		2809F0B81733FCFA003A1B8F /* AppDelegate.m in Sources */ = {isa = PBXBuildFile; fileRef = 2809F0B71733FCFA003A1B8F /* AppDelegate.m */; };
		2809F0BA1733FCFA003A1B8F /* Default.png in Resources */ = {isa = PBXBuildFile; fileRef = 2809F0B91733FCFA003A1B8F /* Default.png */; };
		2809F0BC1733FCFA003A1B8F /* Default@2x.png in Resources */ = {isa = PBXBuildFile; fileRef = 2809F0BB1733FCFA003A1B8F /* Default@2x.png */; };
		2809F0BE1733FCFA003A1B8F /* Default-568h@2x.png in Resources */ = {isa = PBXBuildFile; fileRef = 2809F0BD1733FCFA003A1B8F /* Default-568h@2x.png */; };
		2809F0C11733FCFA003A1B8F /* ViewController.m in Sources */ = {isa = PBXBuildFile; fileRef = 2809F0C01733FCFA003A1B8F /* ViewController.m */; };
		2809F0C41733FCFA003A1B8F /* ViewController.xib in Resources */ = {isa = PBXBuildFile; fileRef = 2809F0C21733FCFA003A1B8F /* ViewController.xib */; };
/* End PBXBuildFile section */

/* Begin PBXFileReference section */
		2809F0A41733FCFA003A1B8F /* RunloopDemo.app */ = {isa = PBXFileReference; explicitFileType = wrapper.application; includeInIndex = 0; path = RunloopDemo.app; sourceTree = BUILT_PRODUCTS_DIR; };
		2809F0A71733FCFA003A1B8F /* UIKit.framework */ = {isa = PBXFileReference; lastKnownFileType = wrapper.framework; name = UIKit.framework; path = System/Library/Frameworks/UIKit.framework; sourceTree = SDKROOT; };
		2809F0A91733FCFA003A1B8F /* Foundation.framework */ = {isa = PBXFileReference; lastKnownFileType = wrapper.framework; name = Foundation.framework; path = System/Library/Frameworks/Foundation.framework; sourceTree = SDKROOT; };
		2809F0AB1733FCFA003A1B8F /* CoreGraphics.framework */ = {isa = PBXFileReference; lastKnownFileType = wrapper.framework; name = CoreGraphics.framework; path = System/Library/Frameworks/CoreGraphics.framework; sourceTree = SDKROOT; };
		2809F0AF1733FCFA003A1B8F /* RunloopDemo-Info.plist */ = {isa = PBXFileReference; lastKnownFileType = text.plist.xml; path = "RunloopDemo-Info.plist"; sourceTree = "<group>"; };
		2809F0B11733FCFA003A1B8F /* en */ = {isa = PBXFileReference; lastKnownFileType = text.plist.strings; name = en; path = en.lproj/InfoPlist.strings; sourceTree = "<group>"; };
		2809F0B31733FCFA003A1B8F /* main.m */ = {isa = PBXFileReference; lastKnownFileType = sourcecode.c.objc; path = main.m; sourceTree = "<group>"; };
		2809F0B51733FCFA003A1B8F /* RunloopDemo-Prefix.pch */ = {isa = PBXFileReference; lastKnownFileType = sourcecode.c.h; path = "RunloopDemo-Prefix.pch"; sourceTree = "<group>"; };
		2809F0B61733FCFA003A1B8F /* AppDelegate.h */ = {isa = PBXFileReference; lastKnownFileType = sourcecode.c.h; path = AppDelegate.h; sourceTree = "<group>"; };
		2809F0B71733FCFA003A1B8F /* AppDelegate.m */ = {isa = PBXFileReference; lastKnownFileType = sourcecode.c.objc; path = AppDelegate.m; sourceTree = "<group>"; };
		2809F0B91733FCFA003A1B8F /* Default.png */ = {isa = PBXFileReference; lastKnownFileType = image.png; path = Default.png; sourceTree = "<group>"; };
		2809F0BB1733FCFA003A1B8F /* Default@2x.png */ = {isa = PBXFileReference; lastKnownFileType = image.png; path = "Default@2x.png"; sourceTree = "<group>"; };
		2809F0BD1733FCFA003A1B8F /* Default-568h@2x.png */ = {isa = PBXFileReference; lastKnownFileType = image.png; path = "Default-568h@2x.png"; sourceTree = "<group>"; };
		2809F0BF1733FCFA003A1B8F /* ViewController.h */ = {isa = PBXFileReference; lastKnownFileType = sourcecode.c.h; path = ViewController.h; sourceTree = "<group>"; };
		2809F0C01733FCFA003A1B8F /* ViewController.m */ = {isa = PBXFileReference; lastKnownFileType = sourcecode.c.objc; path = ViewController.m; sourceTree = "<group>"; };
		2809F0C31733FCFA003A1B8F /* en */ = {isa = PBXFileReference; lastKnownFileType = file.xib; name = en; path = en.lproj/ViewController.xib; sourceTree = "<group>"; };
/* End PBXFileReference section */

/* Begin PBXFrameworksBuildPhase section */
		2809F0A11733FCFA003A1B8F /* Frameworks */ = {
			isa = PBXFrameworksBuildPhase;
			buildActionMask = 2147483647;
			files = (
				2809F0A81733FCFA003A1B8F /* UIKit.framework in Frameworks */,
				2809F0AA1733FCFA003A1B8F /* Foundation.framework in Frameworks */,
				2809F0AC1733FCFA003A1B8F /* CoreGraphics.framework in Frameworks */,
			);
			runOnlyForDeploymentPostprocessing = 0;
		};
/* End PBXFrameworksBuildPhase section */

/* Begin PBXGroup section */
		2809F09B1733FCFA003A1B8F = {
			isa = PBXGroup;
			children = (
				2809F0AD1733FCFA003A1B8F /* RunloopDemo */,
				2809F0A61733FCFA003A1B8F /* Frameworks */,
				2809F0A51733FCFA003A1B8F /* Products */,
			);
			sourceTree = "<group>";
		};
		2809F0A51733FCFA003A1B8F /* Products */ = {
			isa = PBXGroup;
			children = (
				2809F0A41733FCFA003A1B8F /* RunloopDemo.app */,
			);
			name = Products;
			sourceTree = "<group>";
		};
		2809F0A61733FCFA003A1B8F /* Frameworks */ = {
			isa = PBXGroup;
			children = (
				2809F0A71733FCFA003A1B8F /* UIKit.framework */,
				2809F0A91733FCFA003A1B8F /* Foundation.framework */,
				2809F0AB1733FCFA003A1B8F /* CoreGraphics.framework */,
			);
			name = Frameworks;
			sourceTree = "<group>";
		};
		2809F0AD1733FCFA003A1B8F /* RunloopDemo */ = {
			isa = PBXGroup;
			children = (
				2809F0B61733FCFA003A1B8F /* AppDelegate.h */,
				2809F0B71733FCFA003A1B8F /* AppDelegate.m */,
				2809F0BF1733FCFA003A1B8F /* ViewController.h */,
				2809F0C01733FCFA003A1B8F /* ViewController.m */,
				2809F0C21733FCFA003A1B8F /* ViewController.xib */,
				2809F0AE1733FCFA003A1B8F /* Supporting Files */,
			);
			path = RunloopDemo;
			sourceTree = "<group>";
		};
		2809F0AE1733FCFA003A1B8F /* Supporting Files */ = {
			isa = PBXGroup;
			children = (
				2809F0AF1733FCFA003A1B8F /* RunloopDemo-Info.plist */,
				2809F0B01733FCFA003A1B8F /* InfoPlist.strings */,
				2809F0B31733FCFA003A1B8F /* main.m */,
				2809F0B51733FCFA003A1B8F /* RunloopDemo-Prefix.pch */,
				2809F0B91733FCFA003A1B8F /* Default.png */,
				2809F0BB1733FCFA003A1B8F /* Default@2x.png */,
				2809F0BD1733FCFA003A1B8F /* Default-568h@2x.png */,
			);
			name = "Supporting Files";
			sourceTree = "<group>";
		};
/* End PBXGroup section */

/* Begin PBXNativeTarget section */
		2809F0A31733FCFA003A1B8F /* RunloopDemo */ = {
			isa = PBXNativeTarget;
			buildConfigurationList = 2809F0C71733FCFA003A1B8F /* Build configuration list for PBXNativeTarget "RunloopDemo" */;
			buildPhases = (
				2809F0A01733FCFA003A1B8F /* Sources */,
				2809F0A11733FCFA003A1B8F /* Frameworks */,
				2809F0A21733FCFA003A1B8F /* Resources */,
			);
			buildRules = (
			);
			dependencies = (
			);
			name = RunloopDemo;
			productName = RunloopDemo;
			productReference = 2809F0A41733FCFA003A1B8F /* RunloopDemo.app */;
			productType = "com.apple.product-type.application";
		};
/* End PBXNativeTarget section */

/* Begin PBXProject section */
		2809F09C1733FCFA003A1B8F /* Project object */ = {
			isa = PBXProject;
			attributes = {
				LastUpgradeCheck = 0460;
				ORGANIZATIONNAME = demon;
			};
			buildConfigurationList = 2809F09F1733FCFA003A1B8F /* Build configuration list for PBXProject "RunloopDemo" */;
			compatibilityVersion = "Xcode 3.2";
			developmentRegion = English;
			hasScannedForEncodings = 0;
			knownRegions = (
				en,
			);
			mainGroup = 2809F09B1733FCFA003A1B8F;
			productRefGroup = 2809F0A51733FCFA003A1B8F /* Products */;
			projectDirPath = "";
			projectRoot = "";
			targets = (
				2809F0A31733FCFA003A1B8F /* RunloopDemo */,
			);
		};
/* End PBXProject section */

/* Begin PBXResourcesBuildPhase section */
		2809F0A21733FCFA003A1B8F /* Resources */ = {
			isa = PBXResourcesBuildPhase;
			buildActionMask = 2147483647;
			files = (
				2809F0B21733FCFA003A1B8F /* InfoPlist.strings in Resources */,
				2809F0BA1733FCFA003A1B8F /* Default.png in Resources */,
				2809F0BC1733FCFA003A1B8F /* Default@2x.png in Resources */,
				2809F0BE1733FCFA003A1B8F /* Default-568h@2x.png in Resources */,
				2809F0C41733FCFA003A1B8F /* ViewController.xib in Resources */,
			);
			runOnlyForDeploymentPostprocessing = 0;
		};
/* End PBXResourcesBuildPhase section */

/* Begin PBXSourcesBuildPhase section */
		2809F0A01733FCFA003A1B8F /* Sources */ = {
			isa = PBXSourcesBuildPhase;
			buildActionMask = 2147483647;
			files = (
				2809F0B41733FCFA003A1B8F /* main.m in Sources */,
				2809F0B81733FCFA003A1B8F /* AppDelegate.m in Sources */,
				2809F0C11733FCFA003A1B8F /* ViewController.m in Sources */,
			);
			runOnlyForDeploymentPostprocessing = 0;
		};
/* End PBXSourcesBuildPhase section */

/* Begin PBXVariantGroup section */
		2809F0B01733FCFA003A1B8F /* InfoPlist.strings */ = {
			isa = PBXVariantGroup;
			children = (
				2809F0B11733FCFA003A1B8F /* en */,
			);
			name = InfoPlist.strings;
			sourceTree = "<group>";
		};
		2809F0C21733FCFA003A1B8F /* ViewController.xib */ = {
			isa = PBXVariantGroup;
			children = (
				2809F0C31733FCFA003A1B8F /* en */,
			);
			name = ViewController.xib;
			sourceTree = "<group>";
		};
/* End PBXVariantGroup section */

/* Begin XCBuildConfiguration section */
		2809F0C51733FCFA003A1B8F /* Debug */ = {
			isa = XCBuildConfiguration;
			buildSettings = {
				ALWAYS_SEARCH_USER_PATHS = NO;
				CLANG_CXX_LANGUAGE_STANDARD = "gnu++0x";
				CLANG_CXX_LIBRARY = "libc++";
				CLANG_WARN_CONSTANT_CONVERSION = YES;
				CLANG_WARN_EMPTY_BODY = YES;
				CLANG_WARN_ENUM_CONVERSION = YES;
				CLANG_WARN_INT_CONVERSION = YES;
				CLANG_WARN__DUPLICATE_METHOD_MATCH = YES;
				"CODE_SIGN_IDENTITY[sdk=iphoneos*]" = "iPhone Developer";
				COPY_PHASE_STRIP = NO;
				GCC_C_LANGUAGE_STANDARD = gnu99;
				GCC_DYNAMIC_NO_PIC = NO;
				GCC_OPTIMIZATION_LEVEL = 0;
				GCC_PREPROCESSOR_DEFINITIONS = (
					"DEBUG=1",
					"$(inherited)",
				);
				GCC_SYMBOLS_PRIVATE_EXTERN = NO;
				GCC_WARN_ABOUT_RETURN_TYPE = YES;
				GCC_WARN_UNINITIALIZED_AUTOS = YES;
				GCC_WARN_UNUSED_VARIABLE = YES;
				IPHONEOS_DEPLOYMENT_TARGET = 6.1;
				ONLY_ACTIVE_ARCH = YES;
				SDKROOT = iphoneos;
			};
			name = Debug;
		};
		2809F0C61733FCFA003A1B8F /* Release */ = {
			isa = XCBuildConfiguration;
			buildSettings = {
				ALWAYS_SEARCH_USER_PATHS = NO;
				CLANG_CXX_LANGUAGE_STANDARD = "gnu++0x";
				CLANG_CXX_LIBRARY = "libc++";
				CLANG_WARN_CONSTANT_CONVERSION = YES;
				CLANG_WARN_EMPTY_BODY = YES;
				CLANG_WARN_ENUM_CONVERSION = YES;
				CLANG_WARN_INT_CONVERSION = YES;
				CLANG_WARN__DUPLICATE_METHOD_MATCH = YES;
				"CODE_SIGN_IDENTITY[sdk=iphoneos*]" = "iPhone Developer";
				COPY_PHASE_STRIP = YES;
				GCC_C_LANGUAGE_STANDARD = gnu99;
				GCC_WARN_ABOUT_RETURN_TYPE = YES;
				GCC_WARN_UNINITIALIZED_AUTOS = YES;
				GCC_WARN_UNUSED_VARIABLE = YES;
				IPHONEOS_DEPLOYMENT_TARGET = 6.1;
				OTHER_CFLAGS = "-DNS_BLOCK_ASSERTIONS=1";
				SDKROOT = iphoneos;
				VALIDATE_PRODUCT = YES;
			};
			name = Release;
		};
		2809F0C81733FCFA003A1B8F /* Debug */ = {
			isa = XCBuildConfiguration;
			buildSettings = {
				GCC_PRECOMPILE_PREFIX_HEADER = YES;
				GCC_PREFIX_HEADER = "RunloopDemo/RunloopDemo-Prefix.pch";
				INFOPLIST_FILE = "RunloopDemo/RunloopDemo-Info.plist";
				PRODUCT_NAME = "$(TARGET_NAME)";
				WRAPPER_EXTENSION = app;
			};
			name = Debug;
		};
		2809F0C91733FCFA003A1B8F /* Release */ = {
			isa = XCBuildConfiguration;
			buildSettings = {
				GCC_PRECOMPILE_PREFIX_HEADER = YES;
				GCC_PREFIX_HEADER = "RunloopDemo/RunloopDemo-Prefix.pch";
				INFOPLIST_FILE = "RunloopDemo/RunloopDemo-Info.plist";
				PRODUCT_NAME = "$(TARGET_NAME)";
				WRAPPER_EXTENSION = app;
			};
			name = Release;
		};
/* End XCBuildConfiguration section */

/* Begin XCConfigurationList section */
		2809F09F1733FCFA003A1B8F /* Build configuration list for PBXProject "RunloopDemo" */ = {
			isa = XCConfigurationList;
			buildConfigurations = (
				2809F0C51733FCFA003A1B8F /* Debug */,
				2809F0C61733FCFA003A1B8F /* Release */,
			);
			defaultConfigurationIsVisible = 0;
			defaultConfigurationName = Release;
		};
		2809F0C71733FCFA003A1B8F /* Build configuration list for PBXNativeTarget "RunloopDemo" */ = {
			isa = XCConfigurationList;
			buildConfigurations = (
				2809F0C81733FCFA003A1B8F /* Debug */,
				2809F0C91733FCFA003A1B8F /* Release */,
			);
			defaultConfigurationIsVisible = 0;
		};
/* End XCConfigurationList section */
	};
	rootObject = 2809F09C1733FCFA003A1B8F /* Project object */;
}
